// !$*UTF8*$!
{
	archiveVersion = 1;
	classes = {
	};
	objectVersion = 50;
	objects = {

/* Begin PBXBuildFile section */
		4C8C40D222B7269200113D6C /* AppDelegate.swift in Sources */ = {isa = PBXBuildFile; fileRef = 4C8C40D122B7269200113D6C /* AppDelegate.swift */; };
		4C8C40D422B7269200113D6C /* ViewController.swift in Sources */ = {isa = PBXBuildFile; fileRef = 4C8C40D322B7269200113D6C /* ViewController.swift */; };
		4C8C40D722B7269200113D6C /* Main.storyboard in Resources */ = {isa = PBXBuildFile; fileRef = 4C8C40D522B7269200113D6C /* Main.storyboard */; };
		4C8C40D922B7269400113D6C /* Assets.xcassets in Resources */ = {isa = PBXBuildFile; fileRef = 4C8C40D822B7269400113D6C /* Assets.xcassets */; };
		4C8C40DC22B7269400113D6C /* LaunchScreen.storyboard in Resources */ = {isa = PBXBuildFile; fileRef = 4C8C40DA22B7269400113D6C /* LaunchScreen.storyboard */; };
		4C8C40E822B726E400113D6C /* Camera.mm in Sources */ = {isa = PBXBuildFile; fileRef = 4C8C40E722B726E400113D6C /* Camera.mm */; };
		4C8C40EB22B7293600113D6C /* AVFoundation.framework in Frameworks */ = {isa = PBXBuildFile; fileRef = 4C8C40EA22B7293600113D6C /* AVFoundation.framework */; };
		4C8C40ED22B7295700113D6C /* CoreMedia.framework in Frameworks */ = {isa = PBXBuildFile; fileRef = 4C8C40EC22B7295700113D6C /* CoreMedia.framework */; };
		4CFB986C22B89297000FF905 /* opencv2.framework in Frameworks */ = {isa = PBXBuildFile; fileRef = 4CFB986B22B89297000FF905 /* opencv2.framework */; };
/* End PBXBuildFile section */

/* Begin PBXFileReference section */
		4C8C40CE22B7269200113D6C /* OpenCameraTest.app */ = {isa = PBXFileReference; explicitFileType = wrapper.application; includeInIndex = 0; path = OpenCameraTest.app; sourceTree = BUILT_PRODUCTS_DIR; };
		4C8C40D122B7269200113D6C /* AppDelegate.swift */ = {isa = PBXFileReference; lastKnownFileType = sourcecode.swift; path = AppDelegate.swift; sourceTree = "<group>"; };
		4C8C40D322B7269200113D6C /* ViewController.swift */ = {isa = PBXFileReference; lastKnownFileType = sourcecode.swift; path = ViewController.swift; sourceTree = "<group>"; };
		4C8C40D622B7269200113D6C /* Base */ = {isa = PBXFileReference; lastKnownFileType = file.storyboard; name = Base; path = Base.lproj/Main.storyboard; sourceTree = "<group>"; };
		4C8C40D822B7269400113D6C /* Assets.xcassets */ = {isa = PBXFileReference; lastKnownFileType = folder.assetcatalog; path = Assets.xcassets; sourceTree = "<group>"; };
		4C8C40DB22B7269400113D6C /* Base */ = {isa = PBXFileReference; lastKnownFileType = file.storyboard; name = Base; path = Base.lproj/LaunchScreen.storyboard; sourceTree = "<group>"; };
		4C8C40DD22B7269400113D6C /* Info.plist */ = {isa = PBXFileReference; lastKnownFileType = text.plist.xml; path = Info.plist; sourceTree = "<group>"; };
		4C8C40E522B726E300113D6C /* OpenCameraTest-Bridging-Header.h */ = {isa = PBXFileReference; lastKnownFileType = sourcecode.c.h; path = "OpenCameraTest-Bridging-Header.h"; sourceTree = "<group>"; };
		4C8C40E622B726E400113D6C /* Camera.h */ = {isa = PBXFileReference; lastKnownFileType = sourcecode.c.h; path = Camera.h; sourceTree = "<group>"; };
		4C8C40E722B726E400113D6C /* Camera.mm */ = {isa = PBXFileReference; lastKnownFileType = sourcecode.cpp.objcpp; path = Camera.mm; sourceTree = "<group>"; };
		4C8C40EA22B7293600113D6C /* AVFoundation.framework */ = {isa = PBXFileReference; lastKnownFileType = wrapper.framework; name = AVFoundation.framework; path = System/Library/Frameworks/AVFoundation.framework; sourceTree = SDKROOT; };
		4C8C40EC22B7295700113D6C /* CoreMedia.framework */ = {isa = PBXFileReference; lastKnownFileType = wrapper.framework; name = CoreMedia.framework; path = System/Library/Frameworks/CoreMedia.framework; sourceTree = SDKROOT; };
		4CFB986B22B89297000FF905 /* opencv2.framework */ = {isa = PBXFileReference; lastKnownFileType = wrapper.framework; path = opencv2.framework; sourceTree = "<group>"; };
/* End PBXFileReference section */

/* Begin PBXFrameworksBuildPhase section */
		4C8C40CB22B7269200113D6C /* Frameworks */ = {
			isa = PBXFrameworksBuildPhase;
			buildActionMask = 2147483647;
			files = (
				4CFB986C22B89297000FF905 /* opencv2.framework in Frameworks */,
				4C8C40ED22B7295700113D6C /* CoreMedia.framework in Frameworks */,
				4C8C40EB22B7293600113D6C /* AVFoundation.framework in Frameworks */,
			);
			runOnlyForDeploymentPostprocessing = 0;
		};
/* End PBXFrameworksBuildPhase section */

/* Begin PBXGroup section */
		4C8C40C522B7269200113D6C = {
			isa = PBXGroup;
			children = (
				4C8C40D022B7269200113D6C /* OpenCameraTest */,
				4C8C40CF22B7269200113D6C /* Products */,
				4CFB986B22B89297000FF905 /* opencv2.framework */,
				4C8C40E922B7293500113D6C /* Frameworks */,
			);
			sourceTree = "<group>";
		};
		4C8C40CF22B7269200113D6C /* Products */ = {
			isa = PBXGroup;
			children = (
				4C8C40CE22B7269200113D6C /* OpenCameraTest.app */,
			);
			name = Products;
			sourceTree = "<group>";
		};
		4C8C40D022B7269200113D6C /* OpenCameraTest */ = {
			isa = PBXGroup;
			children = (
				4C8C40D122B7269200113D6C /* AppDelegate.swift */,
				4C8C40D322B7269200113D6C /* ViewController.swift */,
				4C8C40D522B7269200113D6C /* Main.storyboard */,
				4C8C40D822B7269400113D6C /* Assets.xcassets */,
				4C8C40DA22B7269400113D6C /* LaunchScreen.storyboard */,
				4C8C40DD22B7269400113D6C /* Info.plist */,
				4C8C40E622B726E400113D6C /* Camera.h */,
				4C8C40E722B726E400113D6C /* Camera.mm */,
				4C8C40E522B726E300113D6C /* OpenCameraTest-Bridging-Header.h */,
			);
			path = OpenCameraTest;
			sourceTree = "<group>";
		};
		4C8C40E922B7293500113D6C /* Frameworks */ = {
			isa = PBXGroup;
			children = (
				4C8C40EC22B7295700113D6C /* CoreMedia.framework */,
				4C8C40EA22B7293600113D6C /* AVFoundation.framework */,
			);
			name = Frameworks;
			sourceTree = "<group>";
		};
/* End PBXGroup section */

/* Begin PBXNativeTarget section */
		4C8C40CD22B7269200113D6C /* OpenCameraTest */ = {
			isa = PBXNativeTarget;
			buildConfigurationList = 4C8C40E022B7269400113D6C /* Build configuration list for PBXNativeTarget "OpenCameraTest" */;
			buildPhases = (
				4C8C40CA22B7269200113D6C /* Sources */,
				4C8C40CB22B7269200113D6C /* Frameworks */,
				4C8C40CC22B7269200113D6C /* Resources */,
			);
			buildRules = (
			);
			dependencies = (
			);
			name = OpenCameraTest;
			productName = OpenCameraTest;
			productReference = 4C8C40CE22B7269200113D6C /* OpenCameraTest.app */;
			productType = "com.apple.product-type.application";
		};
/* End PBXNativeTarget section */

/* Begin PBXProject section */
		4C8C40C622B7269200113D6C /* Project object */ = {
			isa = PBXProject;
			attributes = {
				LastSwiftUpdateCheck = 1020;
				LastUpgradeCheck = 1020;
				ORGANIZATIONNAME = none;
				TargetAttributes = {
					4C8C40CD22B7269200113D6C = {
						CreatedOnToolsVersion = 10.2.1;
						LastSwiftMigration = 1020;
					};
				};
			};
			buildConfigurationList = 4C8C40C922B7269200113D6C /* Build configuration list for PBXProject "OpenCameraTest" */;
			compatibilityVersion = "Xcode 9.3";
			developmentRegion = en;
			hasScannedForEncodings = 0;
			knownRegions = (
				en,
				Base,
			);
			mainGroup = 4C8C40C522B7269200113D6C;
			productRefGroup = 4C8C40CF22B7269200113D6C /* Products */;
			projectDirPath = "";
			projectRoot = "";
			targets = (
				4C8C40CD22B7269200113D6C /* OpenCameraTest */,
			);
		};
/* End PBXProject section */

/* Begin PBXResourcesBuildPhase section */
		4C8C40CC22B7269200113D6C /* Resources */ = {
			isa = PBXResourcesBuildPhase;
			buildActionMask = 2147483647;
			files = (
				4C8C40DC22B7269400113D6C /* LaunchScreen.storyboard in Resources */,
				4C8C40D922B7269400113D6C /* Assets.xcassets in Resources */,
				4C8C40D722B7269200113D6C /* Main.storyboard in Resources */,
			);
			runOnlyForDeploymentPostprocessing = 0;
		};
/* End PBXResourcesBuildPhase section */

/* Begin PBXSourcesBuildPhase section */
		4C8C40CA22B7269200113D6C /* Sources */ = {
			isa = PBXSourcesBuildPhase;
			buildActionMask = 2147483647;
			files = (
				4C8C40D422B7269200113D6C /* ViewController.swift in Sources */,
				4C8C40E822B726E400113D6C /* Camera.mm in Sources */,
				4C8C40D222B7269200113D6C /* AppDelegate.swift in Sources */,
			);
			runOnlyForDeploymentPostprocessing = 0;
		};
/* End PBXSourcesBuildPhase section */

/* Begin PBXVariantGroup section */
		4C8C40D522B7269200113D6C /* Main.storyboard */ = {
			isa = PBXVariantGroup;
			children = (
				4C8C40D622B7269200113D6C /* Base */,
			);
			name = Main.storyboard;
			sourceTree = "<group>";
		};
		4C8C40DA22B7269400113D6C /* LaunchScreen.storyboard */ = {
			isa = PBXVariantGroup;
			children = (
				4C8C40DB22B7269400113D6C /* Base */,
			);
			name = LaunchScreen.storyboard;
			sourceTree = "<group>";
		};
/* End PBXVariantGroup section */

/* Begin XCBuildConfiguration section */
		4C8C40DE22B7269400113D6C /* Debug */ = {
			isa = XCBuildConfiguration;
			buildSettings = {
				ALWAYS_SEARCH_USER_PATHS = NO;
				CLANG_ANALYZER_NONNULL = YES;
				CLANG_ANALYZER_NUMBER_OBJECT_CONVERSION = YES_AGGRESSIVE;
				CLANG_CXX_LANGUAGE_STANDARD = "gnu++14";
				CLANG_CXX_LIBRARY = "libc++";
				CLANG_ENABLE_MODULES = YES;
				CLANG_ENABLE_OBJC_ARC = YES;
				CLANG_ENABLE_OBJC_WEAK = YES;
				CLANG_WARN_BLOCK_CAPTURE_AUTORELEASING = YES;
				CLANG_WARN_BOOL_CONVERSION = YES;
				CLANG_WARN_COMMA = YES;
				CLANG_WARN_CONSTANT_CONVERSION = YES;
				CLANG_WARN_DEPRECATED_OBJC_IMPLEMENTATIONS = YES;
				CLANG_WARN_DIRECT_OBJC_ISA_USAGE = YES_ERROR;
				CLANG_WARN_DOCUMENTATION_COMMENTS = YES;
				CLANG_WARN_EMPTY_BODY = YES;
				CLANG_WARN_ENUM_CONVERSION = YES;
				CLANG_WARN_INFINITE_RECURSION = YES;
				CLANG_WARN_INT_CONVERSION = YES;
				CLANG_WARN_NON_LITERAL_NULL_CONVERSION = YES;
				CLANG_WARN_OBJC_IMPLICIT_RETAIN_SELF = YES;
				CLANG_WARN_OBJC_LITERAL_CONVERSION = YES;
				CLANG_WARN_OBJC_ROOT_CLASS = YES_ERROR;
				CLANG_WARN_RANGE_LOOP_ANALYSIS = YES;
				CLANG_WARN_STRICT_PROTOTYPES = YES;
				CLANG_WARN_SUSPICIOUS_MOVE = YES;
				CLANG_WARN_UNGUARDED_AVAILABILITY = YES_AGGRESSIVE;
				CLANG_WARN_UNREACHABLE_CODE = YES;
				CLANG_WARN__DUPLICATE_METHOD_MATCH = YES;
				CODE_SIGN_IDENTITY = "iPhone Developer";
				COPY_PHASE_STRIP = NO;
				DEBUG_INFORMATION_FORMAT = dwarf;
				ENABLE_STRICT_OBJC_MSGSEND = YES;
				ENABLE_TESTABILITY = YES;
				GCC_C_LANGUAGE_STANDARD = gnu11;
				GCC_DYNAMIC_NO_PIC = NO;
				GCC_NO_COMMON_BLOCKS = YES;
				GCC_OPTIMIZATION_LEVEL = 0;
				GCC_PREPROCESSOR_DEFINITIONS = (
					"DEBUG=1",
					"$(inherited)",
				);
				GCC_WARN_64_TO_32_BIT_CONVERSION = YES;
				GCC_WARN_ABOUT_RETURN_TYPE = YES_ERROR;
				GCC_WARN_UNDECLARED_SELECTOR = YES;
				GCC_WARN_UNINITIALIZED_AUTOS = YES_AGGRESSIVE;
				GCC_WARN_UNUSED_FUNCTION = YES;
				GCC_WARN_UNUSED_VARIABLE = YES;
				IPHONEOS_DEPLOYMENT_TARGET = 12.2;
				MTL_ENABLE_DEBUG_INFO = INCLUDE_SOURCE;
				MTL_FAST_MATH = YES;
				ONLY_ACTIVE_ARCH = YES;
				SDKROOT = iphoneos;
				SWIFT_ACTIVE_COMPILATION_CONDITIONS = DEBUG;
				SWIFT_OPTIMIZATION_LEVEL = "-Onone";
			};
			name = Debug;
		};
		4C8C40DF22B7269400113D6C /* Release */ = {
			isa = XCBuildConfiguration;
			buildSettings = {
				ALWAYS_SEARCH_USER_PATHS = NO;
				CLANG_ANALYZER_NONNULL = YES;
				CLANG_ANALYZER_NUMBER_OBJECT_CONVERSION = YES_AGGRESSIVE;
				CLANG_CXX_LANGUAGE_STANDARD = "gnu++14";
				CLANG_CXX_LIBRARY = "libc++";
				CLANG_ENABLE_MODULES = YES;
				CLANG_ENABLE_OBJC_ARC = YES;
				CLANG_ENABLE_OBJC_WEAK = YES;
				CLANG_WARN_BLOCK_CAPTURE_AUTORELEASING = YES;
				CLANG_WARN_BOOL_CONVERSION = YES;
				CLANG_WARN_COMMA = YES;
				CLANG_WARN_CONSTANT_CONVERSION = YES;
				CLANG_WARN_DEPRECATED_OBJC_IMPLEMENTATIONS = YES;
				CLANG_WARN_DIRECT_OBJC_ISA_USAGE = YES_ERROR;
				CLANG_WARN_DOCUMENTATION_COMMENTS = YES;
				CLANG_WARN_EMPTY_BODY = YES;
				CLANG_WARN_ENUM_CONVERSION = YES;
				CLANG_WARN_INFINITE_RECURSION = YES;
				CLANG_WARN_INT_CONVERSION = YES;
				CLANG_WARN_NON_LITERAL_NULL_CONVERSION = YES;
				CLANG_WARN_OBJC_IMPLICIT_RETAIN_SELF = YES;
				CLANG_WARN_OBJC_LITERAL_CONVERSION = YES;
				CLANG_WARN_OBJC_ROOT_CLASS = YES_ERROR;
				CLANG_WARN_RANGE_LOOP_ANALYSIS = YES;
				CLANG_WARN_STRICT_PROTOTYPES = YES;
				CLANG_WARN_SUSPICIOUS_MOVE = YES;
				CLANG_WARN_UNGUARDED_AVAILABILITY = YES_AGGRESSIVE;
				CLANG_WARN_UNREACHABLE_CODE = YES;
				CLANG_WARN__DUPLICATE_METHOD_MATCH = YES;
				CODE_SIGN_IDENTITY = "iPhone Developer";
				COPY_PHASE_STRIP = NO;
				DEBUG_INFORMATION_FORMAT = "dwarf-with-dsym";
				ENABLE_NS_ASSERTIONS = NO;
				ENABLE_STRICT_OBJC_MSGSEND = YES;
				GCC_C_LANGUAGE_STANDARD = gnu11;
				GCC_NO_COMMON_BLOCKS = YES;
				GCC_WARN_64_TO_32_BIT_CONVERSION = YES;
				GCC_WARN_ABOUT_RETURN_TYPE = YES_ERROR;
				GCC_WARN_UNDECLARED_SELECTOR = YES;
				GCC_WARN_UNINITIALIZED_AUTOS = YES_AGGRESSIVE;
				GCC_WARN_UNUSED_FUNCTION = YES;
				GCC_WARN_UNUSED_VARIABLE = YES;
				IPHONEOS_DEPLOYMENT_TARGET = 12.2;
				MTL_ENABLE_DEBUG_INFO = NO;
				MTL_FAST_MATH = YES;
				SDKROOT = iphoneos;
				SWIFT_COMPILATION_MODE = wholemodule;
				SWIFT_OPTIMIZATION_LEVEL = "-O";
				VALIDATE_PRODUCT = YES;
			};
			name = Release;
		};
		4C8C40E122B7269400113D6C /* Debug */ = {
			isa = XCBuildConfiguration;
			buildSettings = {
				ASSETCATALOG_COMPILER_APPICON_NAME = AppIcon;
				CLANG_ENABLE_MODULES = YES;
				CODE_SIGN_STYLE = Automatic;
				DEVELOPMENT_TEAM = 2QLFNHWT2N;
				FRAMEWORK_SEARCH_PATHS = (
					"$(inherited)",
					"$(PROJECT_DIR)",
				);
				INFOPLIST_FILE = OpenCameraTest/Info.plist;
				LD_RUNPATH_SEARCH_PATHS = (
					"$(inherited)",
					"@executable_path/Frameworks",
				);
				PRODUCT_BUNDLE_IDENTIFIER = com.hyun.keychaintest3;
				PRODUCT_NAME = "$(TARGET_NAME)";
				SWIFT_OBJC_BRIDGING_HEADER = "OpenCameraTest/OpenCameraTest-Bridging-Header.h";
				SWIFT_OPTIMIZATION_LEVEL = "-Onone";
				SWIFT_VERSION = 5.0;
				TARGETED_DEVICE_FAMILY = "1,2";
			};
			name = Debug;
		};
		4C8C40E222B7269400113D6C /* Release */ = {
			isa = XCBuildConfiguration;
			buildSettings = {
				ASSETCATALOG_COMPILER_APPICON_NAME = AppIcon;
				CLANG_ENABLE_MODULES = YES;
				CODE_SIGN_STYLE = Automatic;
				DEVELOPMENT_TEAM = 2QLFNHWT2N;
				FRAMEWORK_SEARCH_PATHS = (
					"$(inherited)",
					"$(PROJECT_DIR)",
				);
				INFOPLIST_FILE = OpenCameraTest/Info.plist;
				LD_RUNPATH_SEARCH_PATHS = (
					"$(inherited)",
					"@executable_path/Frameworks",
				);
				PRODUCT_BUNDLE_IDENTIFIER = com.hyun.keychaintest3;
				PRODUCT_NAME = "$(TARGET_NAME)";
				SWIFT_OBJC_BRIDGING_HEADER = "OpenCameraTest/OpenCameraTest-Bridging-Header.h";
				SWIFT_VERSION = 5.0;
				TARGETED_DEVICE_FAMILY = "1,2";
			};
			name = Release;
		};
/* End XCBuildConfiguration section */

/* Begin XCConfigurationList section */
		4C8C40C922B7269200113D6C /* Build configuration list for PBXProject "OpenCameraTest" */ = {
			isa = XCConfigurationList;
			buildConfigurations = (
				4C8C40DE22B7269400113D6C /* Debug */,
				4C8C40DF22B7269400113D6C /* Release */,
			);
			defaultConfigurationIsVisible = 0;
			defaultConfigurationName = Release;
		};
		4C8C40E022B7269400113D6C /* Build configuration list for PBXNativeTarget "OpenCameraTest" */ = {
			isa = XCConfigurationList;
			buildConfigurations = (
				4C8C40E122B7269400113D6C /* Debug */,
				4C8C40E222B7269400113D6C /* Release */,
			);
			defaultConfigurationIsVisible = 0;
			defaultConfigurationName = Release;
		};
/* End XCConfigurationList section */
	};
	rootObject = 4C8C40C622B7269200113D6C /* Project object */;
}
