// !$*UTF8*$!
{
	archiveVersion = 1;
	classes = {
	};
	objectVersion = 50;
	objects = {

/* Begin PBXBuildFile section */
		4CA3049822C2550400BFDBFB /* opencv2.framework in Frameworks */ = {isa = PBXBuildFile; fileRef = 4CA3049722C2550400BFDBFB /* opencv2.framework */; };
		4CFB99C622BA3CA9000FF905 /* AppDelegate.swift in Sources */ = {isa = PBXBuildFile; fileRef = 4CFB99C522BA3CA9000FF905 /* AppDelegate.swift */; };
		4CFB99C822BA3CA9000FF905 /* ViewController.swift in Sources */ = {isa = PBXBuildFile; fileRef = 4CFB99C722BA3CA9000FF905 /* ViewController.swift */; };
		4CFB99CB22BA3CA9000FF905 /* Main.storyboard in Resources */ = {isa = PBXBuildFile; fileRef = 4CFB99C922BA3CA9000FF905 /* Main.storyboard */; };
		4CFB99CD22BA3CAA000FF905 /* Assets.xcassets in Resources */ = {isa = PBXBuildFile; fileRef = 4CFB99CC22BA3CAA000FF905 /* Assets.xcassets */; };
		4CFB99D022BA3CAA000FF905 /* LaunchScreen.storyboard in Resources */ = {isa = PBXBuildFile; fileRef = 4CFB99CE22BA3CAA000FF905 /* LaunchScreen.storyboard */; };
		4CFB99D822BA3D29000FF905 /* opencv2.framework in Frameworks */ = {isa = PBXBuildFile; fileRef = 4CFB99D722BA3D29000FF905 /* opencv2.framework */; };
		4CFB99DC22BA3D4B000FF905 /* Camera.mm in Sources */ = {isa = PBXBuildFile; fileRef = 4CFB99DB22BA3D4B000FF905 /* Camera.mm */; };
		4CFB99E122BA3DCE000FF905 /* AVFoundation.framework in Frameworks */ = {isa = PBXBuildFile; fileRef = 4CFB99DF22BA3DCE000FF905 /* AVFoundation.framework */; };
		4CFB99E222BA3E80000FF905 /* CoreMedia.framework in Frameworks */ = {isa = PBXBuildFile; fileRef = 4CFB99DE22BA3DCE000FF905 /* CoreMedia.framework */; };
		4CFB99E622BA51AB000FF905 /* haarcascade_eye.xml in Resources */ = {isa = PBXBuildFile; fileRef = 4CFB99E422BA51A9000FF905 /* haarcascade_eye.xml */; };
		4CFB99E722BA51AB000FF905 /* haarcascade_frontalface_default.xml in Resources */ = {isa = PBXBuildFile; fileRef = 4CFB99E522BA51AB000FF905 /* haarcascade_frontalface_default.xml */; };
/* End PBXBuildFile section */

/* Begin PBXFileReference section */
		4CA3049722C2550400BFDBFB /* opencv2.framework */ = {isa = PBXFileReference; lastKnownFileType = wrapper.framework; path = opencv2.framework; sourceTree = "<group>"; };
		4CFB99C222BA3CA9000FF905 /* opencvframeworktest.app */ = {isa = PBXFileReference; explicitFileType = wrapper.application; includeInIndex = 0; path = opencvframeworktest.app; sourceTree = BUILT_PRODUCTS_DIR; };
		4CFB99C522BA3CA9000FF905 /* AppDelegate.swift */ = {isa = PBXFileReference; lastKnownFileType = sourcecode.swift; path = AppDelegate.swift; sourceTree = "<group>"; };
		4CFB99C722BA3CA9000FF905 /* ViewController.swift */ = {isa = PBXFileReference; lastKnownFileType = sourcecode.swift; path = ViewController.swift; sourceTree = "<group>"; };
		4CFB99CA22BA3CA9000FF905 /* Base */ = {isa = PBXFileReference; lastKnownFileType = file.storyboard; name = Base; path = Base.lproj/Main.storyboard; sourceTree = "<group>"; };
		4CFB99CC22BA3CAA000FF905 /* Assets.xcassets */ = {isa = PBXFileReference; lastKnownFileType = folder.assetcatalog; path = Assets.xcassets; sourceTree = "<group>"; };
		4CFB99CF22BA3CAA000FF905 /* Base */ = {isa = PBXFileReference; lastKnownFileType = file.storyboard; name = Base; path = Base.lproj/LaunchScreen.storyboard; sourceTree = "<group>"; };
		4CFB99D122BA3CAA000FF905 /* Info.plist */ = {isa = PBXFileReference; lastKnownFileType = text.plist.xml; path = Info.plist; sourceTree = "<group>"; };
		4CFB99D722BA3D29000FF905 /* opencv2.framework */ = {isa = PBXFileReference; lastKnownFileType = wrapper.framework; path = opencv2.framework; sourceTree = "<group>"; };
		4CFB99D922BA3D4B000FF905 /* opencvframeworktest-Bridging-Header.h */ = {isa = PBXFileReference; lastKnownFileType = sourcecode.c.h; path = "opencvframeworktest-Bridging-Header.h"; sourceTree = "<group>"; };
		4CFB99DA22BA3D4B000FF905 /* Camera.h */ = {isa = PBXFileReference; lastKnownFileType = sourcecode.c.h; path = Camera.h; sourceTree = "<group>"; };
		4CFB99DB22BA3D4B000FF905 /* Camera.mm */ = {isa = PBXFileReference; lastKnownFileType = sourcecode.cpp.objcpp; path = Camera.mm; sourceTree = "<group>"; };
		4CFB99DE22BA3DCE000FF905 /* CoreMedia.framework */ = {isa = PBXFileReference; lastKnownFileType = wrapper.framework; name = CoreMedia.framework; path = System/Library/Frameworks/CoreMedia.framework; sourceTree = SDKROOT; };
		4CFB99DF22BA3DCE000FF905 /* AVFoundation.framework */ = {isa = PBXFileReference; lastKnownFileType = wrapper.framework; name = AVFoundation.framework; path = System/Library/Frameworks/AVFoundation.framework; sourceTree = SDKROOT; };
		4CFB99E422BA51A9000FF905 /* haarcascade_eye.xml */ = {isa = PBXFileReference; fileEncoding = 4; lastKnownFileType = text.xml; path = haarcascade_eye.xml; sourceTree = "<group>"; };
		4CFB99E522BA51AB000FF905 /* haarcascade_frontalface_default.xml */ = {isa = PBXFileReference; fileEncoding = 4; lastKnownFileType = text.xml; path = haarcascade_frontalface_default.xml; sourceTree = "<group>"; };
/* End PBXFileReference section */

/* Begin PBXFrameworksBuildPhase section */
		4CFB99BF22BA3CA9000FF905 /* Frameworks */ = {
			isa = PBXFrameworksBuildPhase;
			buildActionMask = 2147483647;
			files = (
				4CFB99E222BA3E80000FF905 /* CoreMedia.framework in Frameworks */,
				4CFB99E122BA3DCE000FF905 /* AVFoundation.framework in Frameworks */,
				4CA3049822C2550400BFDBFB /* opencv2.framework in Frameworks */,
				4CFB99D822BA3D29000FF905 /* opencv2.framework in Frameworks */,
			);
			runOnlyForDeploymentPostprocessing = 0;
		};
/* End PBXFrameworksBuildPhase section */

/* Begin PBXGroup section */
		4CFB99B922BA3CA9000FF905 = {
			isa = PBXGroup;
			children = (
				4CFB99E322BA513C000FF905 /* haarXmlFiles */,
				4CFB99C422BA3CA9000FF905 /* opencvframeworktest */,
				4CFB99C322BA3CA9000FF905 /* Products */,
				4CFB99DD22BA3DCD000FF905 /* Frameworks */,
			);
			sourceTree = "<group>";
		};
		4CFB99C322BA3CA9000FF905 /* Products */ = {
			isa = PBXGroup;
			children = (
				4CFB99C222BA3CA9000FF905 /* opencvframeworktest.app */,
			);
			name = Products;
			sourceTree = "<group>";
		};
		4CFB99C422BA3CA9000FF905 /* opencvframeworktest */ = {
			isa = PBXGroup;
			children = (
				4CFB99C522BA3CA9000FF905 /* AppDelegate.swift */,
				4CFB99C722BA3CA9000FF905 /* ViewController.swift */,
				4CFB99C922BA3CA9000FF905 /* Main.storyboard */,
				4CFB99CC22BA3CAA000FF905 /* Assets.xcassets */,
				4CFB99CE22BA3CAA000FF905 /* LaunchScreen.storyboard */,
				4CFB99D122BA3CAA000FF905 /* Info.plist */,
				4CFB99DA22BA3D4B000FF905 /* Camera.h */,
				4CFB99DB22BA3D4B000FF905 /* Camera.mm */,
				4CFB99D922BA3D4B000FF905 /* opencvframeworktest-Bridging-Header.h */,
			);
			path = opencvframeworktest;
			sourceTree = "<group>";
		};
		4CFB99DD22BA3DCD000FF905 /* Frameworks */ = {
			isa = PBXGroup;
			children = (
				4CFB99D722BA3D29000FF905 /* opencv2.framework */,
				4CA3049722C2550400BFDBFB /* opencv2.framework */,
				4CFB99DF22BA3DCE000FF905 /* AVFoundation.framework */,
				4CFB99DE22BA3DCE000FF905 /* CoreMedia.framework */,
			);
			name = Frameworks;
			sourceTree = "<group>";
		};
		4CFB99E322BA513C000FF905 /* haarXmlFiles */ = {
			isa = PBXGroup;
			children = (
				4CFB99E422BA51A9000FF905 /* haarcascade_eye.xml */,
				4CFB99E522BA51AB000FF905 /* haarcascade_frontalface_default.xml */,
			);
			path = haarXmlFiles;
			sourceTree = "<group>";
		};
/* End PBXGroup section */

/* Begin PBXNativeTarget section */
		4CFB99C122BA3CA9000FF905 /* opencvframeworktest */ = {
			isa = PBXNativeTarget;
			buildConfigurationList = 4CFB99D422BA3CAA000FF905 /* Build configuration list for PBXNativeTarget "opencvframeworktest" */;
			buildPhases = (
				4CFB99BE22BA3CA9000FF905 /* Sources */,
				4CFB99BF22BA3CA9000FF905 /* Frameworks */,
				4CFB99C022BA3CA9000FF905 /* Resources */,
			);
			buildRules = (
			);
			dependencies = (
			);
			name = opencvframeworktest;
			productName = opencvframeworktest;
			productReference = 4CFB99C222BA3CA9000FF905 /* opencvframeworktest.app */;
			productType = "com.apple.product-type.application";
		};
/* End PBXNativeTarget section */

/* Begin PBXProject section */
		4CFB99BA22BA3CA9000FF905 /* Project object */ = {
			isa = PBXProject;
			attributes = {
				LastSwiftUpdateCheck = 1020;
				LastUpgradeCheck = 1020;
				ORGANIZATIONNAME = none;
				TargetAttributes = {
					4CFB99C122BA3CA9000FF905 = {
						CreatedOnToolsVersion = 10.2.1;
						LastSwiftMigration = 1020;
					};
				};
			};
			buildConfigurationList = 4CFB99BD22BA3CA9000FF905 /* Build configuration list for PBXProject "opencvframeworktest" */;
			compatibilityVersion = "Xcode 9.3";
			developmentRegion = en;
			hasScannedForEncodings = 0;
			knownRegions = (
				en,
				Base,
			);
			mainGroup = 4CFB99B922BA3CA9000FF905;
			productRefGroup = 4CFB99C322BA3CA9000FF905 /* Products */;
			projectDirPath = "";
			projectRoot = "";
			targets = (
				4CFB99C122BA3CA9000FF905 /* opencvframeworktest */,
			);
		};
/* End PBXProject section */

/* Begin PBXResourcesBuildPhase section */
		4CFB99C022BA3CA9000FF905 /* Resources */ = {
			isa = PBXResourcesBuildPhase;
			buildActionMask = 2147483647;
			files = (
				4CFB99E622BA51AB000FF905 /* haarcascade_eye.xml in Resources */,
				4CFB99D022BA3CAA000FF905 /* LaunchScreen.storyboard in Resources */,
				4CFB99CD22BA3CAA000FF905 /* Assets.xcassets in Resources */,
				4CFB99E722BA51AB000FF905 /* haarcascade_frontalface_default.xml in Resources */,
				4CFB99CB22BA3CA9000FF905 /* Main.storyboard in Resources */,
			);
			runOnlyForDeploymentPostprocessing = 0;
		};
/* End PBXResourcesBuildPhase section */

/* Begin PBXSourcesBuildPhase section */
		4CFB99BE22BA3CA9000FF905 /* Sources */ = {
			isa = PBXSourcesBuildPhase;
			buildActionMask = 2147483647;
			files = (
				4CFB99C822BA3CA9000FF905 /* ViewController.swift in Sources */,
				4CFB99DC22BA3D4B000FF905 /* Camera.mm in Sources */,
				4CFB99C622BA3CA9000FF905 /* AppDelegate.swift in Sources */,
			);
			runOnlyForDeploymentPostprocessing = 0;
		};
/* End PBXSourcesBuildPhase section */

/* Begin PBXVariantGroup section */
		4CFB99C922BA3CA9000FF905 /* Main.storyboard */ = {
			isa = PBXVariantGroup;
			children = (
				4CFB99CA22BA3CA9000FF905 /* Base */,
			);
			name = Main.storyboard;
			sourceTree = "<group>";
		};
		4CFB99CE22BA3CAA000FF905 /* LaunchScreen.storyboard */ = {
			isa = PBXVariantGroup;
			children = (
				4CFB99CF22BA3CAA000FF905 /* Base */,
			);
			name = LaunchScreen.storyboard;
			sourceTree = "<group>";
		};
/* End PBXVariantGroup section */

/* Begin XCBuildConfiguration section */
		4CFB99D222BA3CAA000FF905 /* Debug */ = {
			isa = XCBuildConfiguration;
			buildSettings = {
				ALWAYS_SEARCH_USER_PATHS = NO;
				CLANG_ANALYZER_NONNULL = YES;
				CLANG_ANALYZER_NUMBER_OBJECT_CONVERSION = YES_AGGRESSIVE;
				CLANG_CXX_LANGUAGE_STANDARD = "gnu++14";
				CLANG_CXX_LIBRARY = "libc++";
				CLANG_ENABLE_MODULES = YES;
				CLANG_ENABLE_OBJC_ARC = YES;
				CLANG_ENABLE_OBJC_WEAK = YES;
				CLANG_WARN_BLOCK_CAPTURE_AUTORELEASING = YES;
				CLANG_WARN_BOOL_CONVERSION = YES;
				CLANG_WARN_COMMA = YES;
				CLANG_WARN_CONSTANT_CONVERSION = YES;
				CLANG_WARN_DEPRECATED_OBJC_IMPLEMENTATIONS = YES;
				CLANG_WARN_DIRECT_OBJC_ISA_USAGE = YES_ERROR;
				CLANG_WARN_DOCUMENTATION_COMMENTS = YES;
				CLANG_WARN_EMPTY_BODY = YES;
				CLANG_WARN_ENUM_CONVERSION = YES;
				CLANG_WARN_INFINITE_RECURSION = YES;
				CLANG_WARN_INT_CONVERSION = YES;
				CLANG_WARN_NON_LITERAL_NULL_CONVERSION = YES;
				CLANG_WARN_OBJC_IMPLICIT_RETAIN_SELF = YES;
				CLANG_WARN_OBJC_LITERAL_CONVERSION = YES;
				CLANG_WARN_OBJC_ROOT_CLASS = YES_ERROR;
				CLANG_WARN_RANGE_LOOP_ANALYSIS = YES;
				CLANG_WARN_STRICT_PROTOTYPES = YES;
				CLANG_WARN_SUSPICIOUS_MOVE = YES;
				CLANG_WARN_UNGUARDED_AVAILABILITY = YES_AGGRESSIVE;
				CLANG_WARN_UNREACHABLE_CODE = YES;
				CLANG_WARN__DUPLICATE_METHOD_MATCH = YES;
				CODE_SIGN_IDENTITY = "iPhone Developer";
				COPY_PHASE_STRIP = NO;
				DEBUG_INFORMATION_FORMAT = dwarf;
				ENABLE_STRICT_OBJC_MSGSEND = YES;
				ENABLE_TESTABILITY = YES;
				GCC_C_LANGUAGE_STANDARD = gnu11;
				GCC_DYNAMIC_NO_PIC = NO;
				GCC_NO_COMMON_BLOCKS = YES;
				GCC_OPTIMIZATION_LEVEL = 0;
				GCC_PREPROCESSOR_DEFINITIONS = (
					"DEBUG=1",
					"$(inherited)",
				);
				GCC_WARN_64_TO_32_BIT_CONVERSION = YES;
				GCC_WARN_ABOUT_RETURN_TYPE = YES_ERROR;
				GCC_WARN_UNDECLARED_SELECTOR = YES;
				GCC_WARN_UNINITIALIZED_AUTOS = YES_AGGRESSIVE;
				GCC_WARN_UNUSED_FUNCTION = YES;
				GCC_WARN_UNUSED_VARIABLE = YES;
				IPHONEOS_DEPLOYMENT_TARGET = 12.2;
				MTL_ENABLE_DEBUG_INFO = INCLUDE_SOURCE;
				MTL_FAST_MATH = YES;
				ONLY_ACTIVE_ARCH = YES;
				SDKROOT = iphoneos;
				SWIFT_ACTIVE_COMPILATION_CONDITIONS = DEBUG;
				SWIFT_OPTIMIZATION_LEVEL = "-Onone";
			};
			name = Debug;
		};
		4CFB99D322BA3CAA000FF905 /* Release */ = {
			isa = XCBuildConfiguration;
			buildSettings = {
				ALWAYS_SEARCH_USER_PATHS = NO;
				CLANG_ANALYZER_NONNULL = YES;
				CLANG_ANALYZER_NUMBER_OBJECT_CONVERSION = YES_AGGRESSIVE;
				CLANG_CXX_LANGUAGE_STANDARD = "gnu++14";
				CLANG_CXX_LIBRARY = "libc++";
				CLANG_ENABLE_MODULES = YES;
				CLANG_ENABLE_OBJC_ARC = YES;
				CLANG_ENABLE_OBJC_WEAK = YES;
				CLANG_WARN_BLOCK_CAPTURE_AUTORELEASING = YES;
				CLANG_WARN_BOOL_CONVERSION = YES;
				CLANG_WARN_COMMA = YES;
				CLANG_WARN_CONSTANT_CONVERSION = YES;
				CLANG_WARN_DEPRECATED_OBJC_IMPLEMENTATIONS = YES;
				CLANG_WARN_DIRECT_OBJC_ISA_USAGE = YES_ERROR;
				CLANG_WARN_DOCUMENTATION_COMMENTS = YES;
				CLANG_WARN_EMPTY_BODY = YES;
				CLANG_WARN_ENUM_CONVERSION = YES;
				CLANG_WARN_INFINITE_RECURSION = YES;
				CLANG_WARN_INT_CONVERSION = YES;
				CLANG_WARN_NON_LITERAL_NULL_CONVERSION = YES;
				CLANG_WARN_OBJC_IMPLICIT_RETAIN_SELF = YES;
				CLANG_WARN_OBJC_LITERAL_CONVERSION = YES;
				CLANG_WARN_OBJC_ROOT_CLASS = YES_ERROR;
				CLANG_WARN_RANGE_LOOP_ANALYSIS = YES;
				CLANG_WARN_STRICT_PROTOTYPES = YES;
				CLANG_WARN_SUSPICIOUS_MOVE = YES;
				CLANG_WARN_UNGUARDED_AVAILABILITY = YES_AGGRESSIVE;
				CLANG_WARN_UNREACHABLE_CODE = YES;
				CLANG_WARN__DUPLICATE_METHOD_MATCH = YES;
				CODE_SIGN_IDENTITY = "iPhone Developer";
				COPY_PHASE_STRIP = NO;
				DEBUG_INFORMATION_FORMAT = "dwarf-with-dsym";
				ENABLE_NS_ASSERTIONS = NO;
				ENABLE_STRICT_OBJC_MSGSEND = YES;
				GCC_C_LANGUAGE_STANDARD = gnu11;
				GCC_NO_COMMON_BLOCKS = YES;
				GCC_WARN_64_TO_32_BIT_CONVERSION = YES;
				GCC_WARN_ABOUT_RETURN_TYPE = YES_ERROR;
				GCC_WARN_UNDECLARED_SELECTOR = YES;
				GCC_WARN_UNINITIALIZED_AUTOS = YES_AGGRESSIVE;
				GCC_WARN_UNUSED_FUNCTION = YES;
				GCC_WARN_UNUSED_VARIABLE = YES;
				IPHONEOS_DEPLOYMENT_TARGET = 12.2;
				MTL_ENABLE_DEBUG_INFO = NO;
				MTL_FAST_MATH = YES;
				SDKROOT = iphoneos;
				SWIFT_COMPILATION_MODE = wholemodule;
				SWIFT_OPTIMIZATION_LEVEL = "-O";
				VALIDATE_PRODUCT = YES;
			};
			name = Release;
		};
		4CFB99D522BA3CAA000FF905 /* Debug */ = {
			isa = XCBuildConfiguration;
			buildSettings = {
				ASSETCATALOG_COMPILER_APPICON_NAME = AppIcon;
				CLANG_ENABLE_MODULES = YES;
				CODE_SIGN_STYLE = Automatic;
				DEVELOPMENT_TEAM = 2QLFNHWT2N;
				FRAMEWORK_SEARCH_PATHS = (
					"$(inherited)",
					"$(PROJECT_DIR)",
				);
				HEADER_SEARCH_PATHS = "$(PROJECT_DIR)/Frameworks";
				INFOPLIST_FILE = opencvframeworktest/Info.plist;
				LD_RUNPATH_SEARCH_PATHS = (
					"$(inherited)",
					"@executable_path/Frameworks",
				);
				PRODUCT_BUNDLE_IDENTIFIER = com.hyun.opencvframeworktest;
				PRODUCT_NAME = "$(TARGET_NAME)";
				SWIFT_OBJC_BRIDGING_HEADER = "opencvframeworktest/opencvframeworktest-Bridging-Header.h";
				SWIFT_OPTIMIZATION_LEVEL = "-Onone";
				SWIFT_VERSION = 5.0;
				TARGETED_DEVICE_FAMILY = "1,2";
			};
			name = Debug;
		};
		4CFB99D622BA3CAA000FF905 /* Release */ = {
			isa = XCBuildConfiguration;
			buildSettings = {
				ASSETCATALOG_COMPILER_APPICON_NAME = AppIcon;
				CLANG_ENABLE_MODULES = YES;
				CODE_SIGN_STYLE = Automatic;
				DEVELOPMENT_TEAM = 2QLFNHWT2N;
				FRAMEWORK_SEARCH_PATHS = (
					"$(inherited)",
					"$(PROJECT_DIR)",
				);
				HEADER_SEARCH_PATHS = "$(PROJECT_DIR)/Frameworks";
				INFOPLIST_FILE = opencvframeworktest/Info.plist;
				LD_RUNPATH_SEARCH_PATHS = (
					"$(inherited)",
					"@executable_path/Frameworks",
				);
				PRODUCT_BUNDLE_IDENTIFIER = com.hyun.opencvframeworktest;
				PRODUCT_NAME = "$(TARGET_NAME)";
				SWIFT_OBJC_BRIDGING_HEADER = "opencvframeworktest/opencvframeworktest-Bridging-Header.h";
				SWIFT_VERSION = 5.0;
				TARGETED_DEVICE_FAMILY = "1,2";
			};
			name = Release;
		};
/* End XCBuildConfiguration section */

/* Begin XCConfigurationList section */
		4CFB99BD22BA3CA9000FF905 /* Build configuration list for PBXProject "opencvframeworktest" */ = {
			isa = XCConfigurationList;
			buildConfigurations = (
				4CFB99D222BA3CAA000FF905 /* Debug */,
				4CFB99D322BA3CAA000FF905 /* Release */,
			);
			defaultConfigurationIsVisible = 0;
			defaultConfigurationName = Release;
		};
		4CFB99D422BA3CAA000FF905 /* Build configuration list for PBXNativeTarget "opencvframeworktest" */ = {
			isa = XCConfigurationList;
			buildConfigurations = (
				4CFB99D522BA3CAA000FF905 /* Debug */,
				4CFB99D622BA3CAA000FF905 /* Release */,
			);
			defaultConfigurationIsVisible = 0;
			defaultConfigurationName = Release;
		};
/* End XCConfigurationList section */
	};
	rootObject = 4CFB99BA22BA3CA9000FF905 /* Project object */;
}
